
Microsoft Visual Studio Solution File, Format Version 12.00
# Visual Studio Version 17
VisualStudioVersion = 17.1.32414.318
MinimumVisualStudioVersion = 10.0.40219.1
Project("{FAE04EC0-301F-11D3-BF4B-00C04F79EFBC}") = "Serialization", "Serialization\Serialization.csproj", "{1D86443B-5F43-419E-94A6-8894EE7552FC}"
EndProject
Project("{2150E333-8FDC-42A3-9474-1A3956D46DE8}") = "Solution Items", "Solution Items", "{74E6CEFA-05D4-450C-8083-022D42BBE814}"
	ProjectSection(SolutionItems) = preProject
		.gitignore = .gitignore
	EndProjectSection
EndProject
Global
	GlobalSection(SolutionConfigurationPlatforms) = preSolution
		Debug|Any CPU = Debug|Any CPU
		Release|Any CPU = Release|Any CPU
	EndGlobalSection
	GlobalSection(ProjectConfigurationPlatforms) = postSolution
		{1D86443B-5F43-419E-94A6-8894EE7552FC}.Debug|Any CPU.ActiveCfg = Debug|Any CPU
		{1D86443B-5F43-419E-94A6-8894EE7552FC}.Debug|Any CPU.Build.0 = Debug|Any CPU
		{1D86443B-5F43-419E-94A6-8894EE7552FC}.Release|Any CPU.ActiveCfg = Release|Any CPU
		{1D86443B-5F43-419E-94A6-8894EE7552FC}.Release|Any CPU.Build.0 = Release|Any CPU
	EndGlobalSection
	GlobalSection(SolutionProperties) = preSolution
		HideSolutionNode = FALSE
	EndGlobalSection
	GlobalSection(ExtensibilityGlobals) = postSolution
		SolutionGuid = {232A257F-90C1-4DBC-AFEB-FE9BDE409BAE}
	EndGlobalSection
EndGlobal
