
Microsoft Visual Studio Solution File, Format Version 12.00
# Visual Studio Version 17
VisualStudioVersion = 17.1.32414.318
MinimumVisualStudioVersion = 10.0.40219.1
Project("{2150E333-8FDC-42A3-9474-1A3956D46DE8}") = "Git file", "Git file", "{74E6CEFA-05D4-450C-8083-022D42BBE814}"
	ProjectSection(SolutionItems) = preProject
		.gitignore = .gitignore
		Readme.md = Readme.md
	EndProjectSection
EndProject
Project("{2150E333-8FDC-42A3-9474-1A3956D46DE8}") = "Basic", "Basic", "{E35AAB1C-0009-400D-B726-99C49A2F1A2B}"
EndProject
Project("{2150E333-8FDC-42A3-9474-1A3956D46DE8}") = "Keywords", "Keywords", "{27CFC0A9-7333-4A6F-8C64-D5F4E6FB66D5}"
EndProject
Project("{2150E333-8FDC-42A3-9474-1A3956D46DE8}") = "API", "API", "{F538631D-DD17-45F7-8D87-D1F32898F4B4}"
EndProject
Project("{2150E333-8FDC-42A3-9474-1A3956D46DE8}") = "Other", "Other", "{5CB95276-9D97-49BC-8AD9-0764315580E2}"
EndProject
Project("{9A19103F-16F7-4668-BE54-9A1E7A4F7556}") = "Delegate", "Basic\Delegate\Delegate.csproj", "{9EDB2E52-B205-403F-B48E-5ADCBF9BE5DC}"
EndProject
Project("{9A19103F-16F7-4668-BE54-9A1E7A4F7556}") = "Event", "Basic\Event\Event.csproj", "{AE487D43-E889-44B2-88D0-FC364BF75F6E}"
EndProject
Project("{9A19103F-16F7-4668-BE54-9A1E7A4F7556}") = "Generic", "Basic\Generic\Generic.csproj", "{F19DFF3D-97D0-49B7-8C5B-9118C3A54C73}"
EndProject
Project("{9A19103F-16F7-4668-BE54-9A1E7A4F7556}") = "Indexer", "Basic\Indexer\Indexer.csproj", "{070170CE-F27F-4317-9971-E99340810316}"
EndProject
Project("{9A19103F-16F7-4668-BE54-9A1E7A4F7556}") = "Interface", "Basic\Interface\Interface.csproj", "{7A59B2CD-42F6-4520-A8ED-79B884C3DF6D}"
EndProject
Project("{9A19103F-16F7-4668-BE54-9A1E7A4F7556}") = "Collection", "API\Collection\Collection.csproj", "{AADCD56E-5714-4F48-BB72-413A6CFEE5FA}"
EndProject
Project("{9A19103F-16F7-4668-BE54-9A1E7A4F7556}") = "IEnumerable", "API\IEnumerator\IEnumerable.csproj", "{EAC31ADF-A9E0-4655-A2BD-DF9224A41577}"
EndProject
Project("{9A19103F-16F7-4668-BE54-9A1E7A4F7556}") = "Abstract", "Keywords\Abstract\Abstract.csproj", "{4279DD8B-92DE-48CC-914E-8D19C5754AD3}"
EndProject
Project("{9A19103F-16F7-4668-BE54-9A1E7A4F7556}") = "out", "Keywords\out\out.csproj", "{848AE4CA-3484-4C1B-B6F6-D413C35922D9}"
EndProject
Project("{9A19103F-16F7-4668-BE54-9A1E7A4F7556}") = "Yield_1", "Keywords\Yield\Yield_1.csproj", "{930A6037-A29E-44D6-8DB0-FB5D5058DA6B}"
EndProject
Project("{9A19103F-16F7-4668-BE54-9A1E7A4F7556}") = "Yield_2", "Keywords\Yield_2\Yield_2.csproj", "{452CEE84-5309-426E-8C41-F447DA6B2781}"
EndProject
Project("{9A19103F-16F7-4668-BE54-9A1E7A4F7556}") = "Yield_3", "Keywords\Yield_3\Yield_3.csproj", "{3F81EA8C-A976-4CEE-9EC6-F5E5F0DCB698}"
EndProject
Project("{9A19103F-16F7-4668-BE54-9A1E7A4F7556}") = "Atrribute", "Other\Atrribute\Atrribute.csproj", "{1249D49B-5BEB-49A3-AB5A-6FF5C3CF4724}"
EndProject
Project("{9A19103F-16F7-4668-BE54-9A1E7A4F7556}") = "Benchmark", "Other\Benchmark\Benchmark.csproj", "{C896ECEC-2746-4D7E-BB20-4F507548737F}"
EndProject
Project("{9A19103F-16F7-4668-BE54-9A1E7A4F7556}") = "Reflection", "Other\Reflection\Reflection.csproj", "{A6855916-BF1C-4A77-9EBD-64ACB30B6A91}"
EndProject
Project("{9A19103F-16F7-4668-BE54-9A1E7A4F7556}") = "Serialization", "Other\Serialization\Serialization.csproj", "{BCC072FA-4915-4DE5-8D53-C0AF375948F5}"
EndProject
Global
	GlobalSection(SolutionConfigurationPlatforms) = preSolution
		Debug|Any CPU = Debug|Any CPU
		Release|Any CPU = Release|Any CPU
	EndGlobalSection
	GlobalSection(ProjectConfigurationPlatforms) = postSolution
		{9EDB2E52-B205-403F-B48E-5ADCBF9BE5DC}.Debug|Any CPU.ActiveCfg = Debug|Any CPU
		{9EDB2E52-B205-403F-B48E-5ADCBF9BE5DC}.Debug|Any CPU.Build.0 = Debug|Any CPU
		{9EDB2E52-B205-403F-B48E-5ADCBF9BE5DC}.Release|Any CPU.ActiveCfg = Release|Any CPU
		{9EDB2E52-B205-403F-B48E-5ADCBF9BE5DC}.Release|Any CPU.Build.0 = Release|Any CPU
		{AE487D43-E889-44B2-88D0-FC364BF75F6E}.Debug|Any CPU.ActiveCfg = Debug|Any CPU
		{AE487D43-E889-44B2-88D0-FC364BF75F6E}.Debug|Any CPU.Build.0 = Debug|Any CPU
		{AE487D43-E889-44B2-88D0-FC364BF75F6E}.Release|Any CPU.ActiveCfg = Release|Any CPU
		{AE487D43-E889-44B2-88D0-FC364BF75F6E}.Release|Any CPU.Build.0 = Release|Any CPU
		{F19DFF3D-97D0-49B7-8C5B-9118C3A54C73}.Debug|Any CPU.ActiveCfg = Debug|Any CPU
		{F19DFF3D-97D0-49B7-8C5B-9118C3A54C73}.Debug|Any CPU.Build.0 = Debug|Any CPU
		{F19DFF3D-97D0-49B7-8C5B-9118C3A54C73}.Release|Any CPU.ActiveCfg = Release|Any CPU
		{F19DFF3D-97D0-49B7-8C5B-9118C3A54C73}.Release|Any CPU.Build.0 = Release|Any CPU
		{070170CE-F27F-4317-9971-E99340810316}.Debug|Any CPU.ActiveCfg = Debug|Any CPU
		{070170CE-F27F-4317-9971-E99340810316}.Debug|Any CPU.Build.0 = Debug|Any CPU
		{070170CE-F27F-4317-9971-E99340810316}.Release|Any CPU.ActiveCfg = Release|Any CPU
		{070170CE-F27F-4317-9971-E99340810316}.Release|Any CPU.Build.0 = Release|Any CPU
		{7A59B2CD-42F6-4520-A8ED-79B884C3DF6D}.Debug|Any CPU.ActiveCfg = Debug|Any CPU
		{7A59B2CD-42F6-4520-A8ED-79B884C3DF6D}.Debug|Any CPU.Build.0 = Debug|Any CPU
		{7A59B2CD-42F6-4520-A8ED-79B884C3DF6D}.Release|Any CPU.ActiveCfg = Release|Any CPU
		{7A59B2CD-42F6-4520-A8ED-79B884C3DF6D}.Release|Any CPU.Build.0 = Release|Any CPU
		{AADCD56E-5714-4F48-BB72-413A6CFEE5FA}.Debug|Any CPU.ActiveCfg = Debug|Any CPU
		{AADCD56E-5714-4F48-BB72-413A6CFEE5FA}.Debug|Any CPU.Build.0 = Debug|Any CPU
		{AADCD56E-5714-4F48-BB72-413A6CFEE5FA}.Release|Any CPU.ActiveCfg = Release|Any CPU
		{AADCD56E-5714-4F48-BB72-413A6CFEE5FA}.Release|Any CPU.Build.0 = Release|Any CPU
		{EAC31ADF-A9E0-4655-A2BD-DF9224A41577}.Debug|Any CPU.ActiveCfg = Debug|Any CPU
		{EAC31ADF-A9E0-4655-A2BD-DF9224A41577}.Debug|Any CPU.Build.0 = Debug|Any CPU
		{EAC31ADF-A9E0-4655-A2BD-DF9224A41577}.Release|Any CPU.ActiveCfg = Release|Any CPU
		{EAC31ADF-A9E0-4655-A2BD-DF9224A41577}.Release|Any CPU.Build.0 = Release|Any CPU
		{4279DD8B-92DE-48CC-914E-8D19C5754AD3}.Debug|Any CPU.ActiveCfg = Debug|Any CPU
		{4279DD8B-92DE-48CC-914E-8D19C5754AD3}.Debug|Any CPU.Build.0 = Debug|Any CPU
		{4279DD8B-92DE-48CC-914E-8D19C5754AD3}.Release|Any CPU.ActiveCfg = Release|Any CPU
		{4279DD8B-92DE-48CC-914E-8D19C5754AD3}.Release|Any CPU.Build.0 = Release|Any CPU
		{848AE4CA-3484-4C1B-B6F6-D413C35922D9}.Debug|Any CPU.ActiveCfg = Debug|Any CPU
		{848AE4CA-3484-4C1B-B6F6-D413C35922D9}.Debug|Any CPU.Build.0 = Debug|Any CPU
		{848AE4CA-3484-4C1B-B6F6-D413C35922D9}.Release|Any CPU.ActiveCfg = Release|Any CPU
		{848AE4CA-3484-4C1B-B6F6-D413C35922D9}.Release|Any CPU.Build.0 = Release|Any CPU
		{930A6037-A29E-44D6-8DB0-FB5D5058DA6B}.Debug|Any CPU.ActiveCfg = Debug|Any CPU
		{930A6037-A29E-44D6-8DB0-FB5D5058DA6B}.Debug|Any CPU.Build.0 = Debug|Any CPU
		{930A6037-A29E-44D6-8DB0-FB5D5058DA6B}.Release|Any CPU.ActiveCfg = Release|Any CPU
		{930A6037-A29E-44D6-8DB0-FB5D5058DA6B}.Release|Any CPU.Build.0 = Release|Any CPU
		{452CEE84-5309-426E-8C41-F447DA6B2781}.Debug|Any CPU.ActiveCfg = Debug|Any CPU
		{452CEE84-5309-426E-8C41-F447DA6B2781}.Debug|Any CPU.Build.0 = Debug|Any CPU
		{452CEE84-5309-426E-8C41-F447DA6B2781}.Release|Any CPU.ActiveCfg = Release|Any CPU
		{452CEE84-5309-426E-8C41-F447DA6B2781}.Release|Any CPU.Build.0 = Release|Any CPU
		{3F81EA8C-A976-4CEE-9EC6-F5E5F0DCB698}.Debug|Any CPU.ActiveCfg = Debug|Any CPU
		{3F81EA8C-A976-4CEE-9EC6-F5E5F0DCB698}.Debug|Any CPU.Build.0 = Debug|Any CPU
		{3F81EA8C-A976-4CEE-9EC6-F5E5F0DCB698}.Release|Any CPU.ActiveCfg = Release|Any CPU
		{3F81EA8C-A976-4CEE-9EC6-F5E5F0DCB698}.Release|Any CPU.Build.0 = Release|Any CPU
		{1249D49B-5BEB-49A3-AB5A-6FF5C3CF4724}.Debug|Any CPU.ActiveCfg = Debug|Any CPU
		{1249D49B-5BEB-49A3-AB5A-6FF5C3CF4724}.Debug|Any CPU.Build.0 = Debug|Any CPU
		{1249D49B-5BEB-49A3-AB5A-6FF5C3CF4724}.Release|Any CPU.ActiveCfg = Release|Any CPU
		{1249D49B-5BEB-49A3-AB5A-6FF5C3CF4724}.Release|Any CPU.Build.0 = Release|Any CPU
		{C896ECEC-2746-4D7E-BB20-4F507548737F}.Debug|Any CPU.ActiveCfg = Debug|Any CPU
		{C896ECEC-2746-4D7E-BB20-4F507548737F}.Debug|Any CPU.Build.0 = Debug|Any CPU
		{C896ECEC-2746-4D7E-BB20-4F507548737F}.Release|Any CPU.ActiveCfg = Release|Any CPU
		{C896ECEC-2746-4D7E-BB20-4F507548737F}.Release|Any CPU.Build.0 = Release|Any CPU
		{A6855916-BF1C-4A77-9EBD-64ACB30B6A91}.Debug|Any CPU.ActiveCfg = Debug|Any CPU
		{A6855916-BF1C-4A77-9EBD-64ACB30B6A91}.Debug|Any CPU.Build.0 = Debug|Any CPU
		{A6855916-BF1C-4A77-9EBD-64ACB30B6A91}.Release|Any CPU.ActiveCfg = Release|Any CPU
		{A6855916-BF1C-4A77-9EBD-64ACB30B6A91}.Release|Any CPU.Build.0 = Release|Any CPU
		{BCC072FA-4915-4DE5-8D53-C0AF375948F5}.Debug|Any CPU.ActiveCfg = Debug|Any CPU
		{BCC072FA-4915-4DE5-8D53-C0AF375948F5}.Debug|Any CPU.Build.0 = Debug|Any CPU
		{BCC072FA-4915-4DE5-8D53-C0AF375948F5}.Release|Any CPU.ActiveCfg = Release|Any CPU
		{BCC072FA-4915-4DE5-8D53-C0AF375948F5}.Release|Any CPU.Build.0 = Release|Any CPU
	EndGlobalSection
	GlobalSection(SolutionProperties) = preSolution
		HideSolutionNode = FALSE
	EndGlobalSection
	GlobalSection(NestedProjects) = preSolution
		{9EDB2E52-B205-403F-B48E-5ADCBF9BE5DC} = {E35AAB1C-0009-400D-B726-99C49A2F1A2B}
		{AE487D43-E889-44B2-88D0-FC364BF75F6E} = {E35AAB1C-0009-400D-B726-99C49A2F1A2B}
		{F19DFF3D-97D0-49B7-8C5B-9118C3A54C73} = {E35AAB1C-0009-400D-B726-99C49A2F1A2B}
		{070170CE-F27F-4317-9971-E99340810316} = {E35AAB1C-0009-400D-B726-99C49A2F1A2B}
		{7A59B2CD-42F6-4520-A8ED-79B884C3DF6D} = {E35AAB1C-0009-400D-B726-99C49A2F1A2B}
		{AADCD56E-5714-4F48-BB72-413A6CFEE5FA} = {F538631D-DD17-45F7-8D87-D1F32898F4B4}
		{EAC31ADF-A9E0-4655-A2BD-DF9224A41577} = {F538631D-DD17-45F7-8D87-D1F32898F4B4}
		{4279DD8B-92DE-48CC-914E-8D19C5754AD3} = {27CFC0A9-7333-4A6F-8C64-D5F4E6FB66D5}
		{848AE4CA-3484-4C1B-B6F6-D413C35922D9} = {27CFC0A9-7333-4A6F-8C64-D5F4E6FB66D5}
		{930A6037-A29E-44D6-8DB0-FB5D5058DA6B} = {27CFC0A9-7333-4A6F-8C64-D5F4E6FB66D5}
		{452CEE84-5309-426E-8C41-F447DA6B2781} = {27CFC0A9-7333-4A6F-8C64-D5F4E6FB66D5}
		{3F81EA8C-A976-4CEE-9EC6-F5E5F0DCB698} = {27CFC0A9-7333-4A6F-8C64-D5F4E6FB66D5}
		{1249D49B-5BEB-49A3-AB5A-6FF5C3CF4724} = {5CB95276-9D97-49BC-8AD9-0764315580E2}
		{C896ECEC-2746-4D7E-BB20-4F507548737F} = {5CB95276-9D97-49BC-8AD9-0764315580E2}
		{A6855916-BF1C-4A77-9EBD-64ACB30B6A91} = {5CB95276-9D97-49BC-8AD9-0764315580E2}
		{BCC072FA-4915-4DE5-8D53-C0AF375948F5} = {5CB95276-9D97-49BC-8AD9-0764315580E2}
	EndGlobalSection
	GlobalSection(ExtensibilityGlobals) = postSolution
		SolutionGuid = {232A257F-90C1-4DBC-AFEB-FE9BDE409BAE}
	EndGlobalSection
EndGlobal
