
Microsoft Visual Studio Solution File, Format Version 12.00
# Visual Studio Version 17
VisualStudioVersion = 17.1.32414.318
MinimumVisualStudioVersion = 10.0.40219.1
Project("{9A19103F-16F7-4668-BE54-9A1E7A4F7556}") = "Serialization", "Serialization\Serialization.csproj", "{1D86443B-5F43-419E-94A6-8894EE7552FC}"
EndProject
Project("{2150E333-8FDC-42A3-9474-1A3956D46DE8}") = "Solution Items", "Solution Items", "{74E6CEFA-05D4-450C-8083-022D42BBE814}"
	ProjectSection(SolutionItems) = preProject
		.gitignore = .gitignore
	EndProjectSection
EndProject
Project("{9A19103F-16F7-4668-BE54-9A1E7A4F7556}") = "Atrribute", "Atrribute\Atrribute.csproj", "{C951889C-00B7-459E-9899-17BD49627FC0}"
EndProject
Project("{9A19103F-16F7-4668-BE54-9A1E7A4F7556}") = "Reflection", "Reflection\Reflection.csproj", "{801A95E3-426C-4A60-904C-5833ACC03494}"
EndProject
Project("{9A19103F-16F7-4668-BE54-9A1E7A4F7556}") = "Event", "Event\Event.csproj", "{52C92DBD-C22C-4DA6-80CB-FB92AFADDF44}"
EndProject
Project("{9A19103F-16F7-4668-BE54-9A1E7A4F7556}") = "Delegate", "Delegate\Delegate.csproj", "{D041267C-0C37-4044-84F0-6B459E1C29EA}"
EndProject
Project("{9A19103F-16F7-4668-BE54-9A1E7A4F7556}") = "Indexer", "Indexer\Indexer.csproj", "{3EEBB90B-C772-4B22-8D05-C4DF8C819BCD}"
EndProject
Project("{9A19103F-16F7-4668-BE54-9A1E7A4F7556}") = "Generic", "Generic\Generic.csproj", "{65377AF7-4F6D-448A-A548-A8C88142FCD4}"
EndProject
Project("{9A19103F-16F7-4668-BE54-9A1E7A4F7556}") = "Interface", "Interface\Interface.csproj", "{8EC4AE4E-66AE-4C4C-BA36-A6C92B17110A}"
EndProject
Project("{FAE04EC0-301F-11D3-BF4B-00C04F79EFBC}") = "IEnumerable", "IEnumerator\IEnumerable.csproj", "{C6F9AE01-91F0-47DC-80D9-8F9AC324E4C2}"
EndProject
Project("{FAE04EC0-301F-11D3-BF4B-00C04F79EFBC}") = "Collection", "Collection\Collection.csproj", "{68048F87-597E-4E96-BC52-1FF943CD5C17}"
EndProject
Global
	GlobalSection(SolutionConfigurationPlatforms) = preSolution
		Debug|Any CPU = Debug|Any CPU
		Release|Any CPU = Release|Any CPU
	EndGlobalSection
	GlobalSection(ProjectConfigurationPlatforms) = postSolution
		{1D86443B-5F43-419E-94A6-8894EE7552FC}.Debug|Any CPU.ActiveCfg = Debug|Any CPU
		{1D86443B-5F43-419E-94A6-8894EE7552FC}.Debug|Any CPU.Build.0 = Debug|Any CPU
		{1D86443B-5F43-419E-94A6-8894EE7552FC}.Release|Any CPU.ActiveCfg = Release|Any CPU
		{1D86443B-5F43-419E-94A6-8894EE7552FC}.Release|Any CPU.Build.0 = Release|Any CPU
		{C951889C-00B7-459E-9899-17BD49627FC0}.Debug|Any CPU.ActiveCfg = Debug|Any CPU
		{C951889C-00B7-459E-9899-17BD49627FC0}.Debug|Any CPU.Build.0 = Debug|Any CPU
		{C951889C-00B7-459E-9899-17BD49627FC0}.Release|Any CPU.ActiveCfg = Release|Any CPU
		{C951889C-00B7-459E-9899-17BD49627FC0}.Release|Any CPU.Build.0 = Release|Any CPU
		{801A95E3-426C-4A60-904C-5833ACC03494}.Debug|Any CPU.ActiveCfg = Debug|Any CPU
		{801A95E3-426C-4A60-904C-5833ACC03494}.Debug|Any CPU.Build.0 = Debug|Any CPU
		{801A95E3-426C-4A60-904C-5833ACC03494}.Release|Any CPU.ActiveCfg = Release|Any CPU
		{801A95E3-426C-4A60-904C-5833ACC03494}.Release|Any CPU.Build.0 = Release|Any CPU
		{52C92DBD-C22C-4DA6-80CB-FB92AFADDF44}.Debug|Any CPU.ActiveCfg = Debug|Any CPU
		{52C92DBD-C22C-4DA6-80CB-FB92AFADDF44}.Debug|Any CPU.Build.0 = Debug|Any CPU
		{52C92DBD-C22C-4DA6-80CB-FB92AFADDF44}.Release|Any CPU.ActiveCfg = Release|Any CPU
		{52C92DBD-C22C-4DA6-80CB-FB92AFADDF44}.Release|Any CPU.Build.0 = Release|Any CPU
		{D041267C-0C37-4044-84F0-6B459E1C29EA}.Debug|Any CPU.ActiveCfg = Debug|Any CPU
		{D041267C-0C37-4044-84F0-6B459E1C29EA}.Debug|Any CPU.Build.0 = Debug|Any CPU
		{D041267C-0C37-4044-84F0-6B459E1C29EA}.Release|Any CPU.ActiveCfg = Release|Any CPU
		{D041267C-0C37-4044-84F0-6B459E1C29EA}.Release|Any CPU.Build.0 = Release|Any CPU
		{3EEBB90B-C772-4B22-8D05-C4DF8C819BCD}.Debug|Any CPU.ActiveCfg = Debug|Any CPU
		{3EEBB90B-C772-4B22-8D05-C4DF8C819BCD}.Debug|Any CPU.Build.0 = Debug|Any CPU
		{3EEBB90B-C772-4B22-8D05-C4DF8C819BCD}.Release|Any CPU.ActiveCfg = Release|Any CPU
		{3EEBB90B-C772-4B22-8D05-C4DF8C819BCD}.Release|Any CPU.Build.0 = Release|Any CPU
		{65377AF7-4F6D-448A-A548-A8C88142FCD4}.Debug|Any CPU.ActiveCfg = Debug|Any CPU
		{65377AF7-4F6D-448A-A548-A8C88142FCD4}.Debug|Any CPU.Build.0 = Debug|Any CPU
		{65377AF7-4F6D-448A-A548-A8C88142FCD4}.Release|Any CPU.ActiveCfg = Release|Any CPU
		{65377AF7-4F6D-448A-A548-A8C88142FCD4}.Release|Any CPU.Build.0 = Release|Any CPU
		{8EC4AE4E-66AE-4C4C-BA36-A6C92B17110A}.Debug|Any CPU.ActiveCfg = Debug|Any CPU
		{8EC4AE4E-66AE-4C4C-BA36-A6C92B17110A}.Debug|Any CPU.Build.0 = Debug|Any CPU
		{8EC4AE4E-66AE-4C4C-BA36-A6C92B17110A}.Release|Any CPU.ActiveCfg = Release|Any CPU
		{8EC4AE4E-66AE-4C4C-BA36-A6C92B17110A}.Release|Any CPU.Build.0 = Release|Any CPU
		{C6F9AE01-91F0-47DC-80D9-8F9AC324E4C2}.Debug|Any CPU.ActiveCfg = Debug|Any CPU
		{C6F9AE01-91F0-47DC-80D9-8F9AC324E4C2}.Debug|Any CPU.Build.0 = Debug|Any CPU
		{C6F9AE01-91F0-47DC-80D9-8F9AC324E4C2}.Release|Any CPU.ActiveCfg = Release|Any CPU
		{C6F9AE01-91F0-47DC-80D9-8F9AC324E4C2}.Release|Any CPU.Build.0 = Release|Any CPU
		{68048F87-597E-4E96-BC52-1FF943CD5C17}.Debug|Any CPU.ActiveCfg = Debug|Any CPU
		{68048F87-597E-4E96-BC52-1FF943CD5C17}.Debug|Any CPU.Build.0 = Debug|Any CPU
		{68048F87-597E-4E96-BC52-1FF943CD5C17}.Release|Any CPU.ActiveCfg = Release|Any CPU
		{68048F87-597E-4E96-BC52-1FF943CD5C17}.Release|Any CPU.Build.0 = Release|Any CPU
	EndGlobalSection
	GlobalSection(SolutionProperties) = preSolution
		HideSolutionNode = FALSE
	EndGlobalSection
	GlobalSection(ExtensibilityGlobals) = postSolution
		SolutionGuid = {232A257F-90C1-4DBC-AFEB-FE9BDE409BAE}
	EndGlobalSection
EndGlobal
